PODS:
  - AnimateSplash (0.1.0)
  - FBSnapshotTestCase (2.1.1):
    - FBSnapshotTestCase/SwiftSupport (= 2.1.1)
  - FBSnapshotTestCase/Core (2.1.1)
  - FBSnapshotTestCase/SwiftSupport (2.1.1):
    - FBSnapshotTestCase/Core

DEPENDENCIES:
  - AnimateSplash (from `../`)
  - FBSnapshotTestCase

EXTERNAL SOURCES:
  AnimateSplash:
    :path: ../

SPEC CHECKSUMS:
  AnimateSplash: eef4fca9add03fb6c2e3636c01b771fa6b7f53f1
  FBSnapshotTestCase: 432afd8d059ccef7f207225894840a03fbcf7474

PODFILE CHECKSUM: 362e091af80949faeb3a170e1359d786e398fa86

COCOAPODS: 1.0.1
